Microsoft Visual Studio Solution File, Format Version 12.00
# Visual Studio Version 17
VisualStudioVersion = 17.0.31903.59
MinimumVisualStudioVersion = 10.0.40219.1
Project("{9A19103F-16F7-4668-BE54-9A1E7A4F7556}") = "VirtualDesktopHelper", "VirtualDesktopHelper\VirtualDesktopHelper.csproj", "{B7E3C91A-6D2F-4A11-9C0E-2F8A4D6B1E70}"
EndProject
Global
	GlobalSection(SolutionConfigurationPlatforms) = preSolution
		Debug|Any CPU = Debug|Any CPU
		Release|Any CPU = Release|Any CPU
	EndGlobalSection
	GlobalSection(ProjectConfigurationPlatforms) = postSolution
		{B7E3C91A-6D2F-4A11-9C0E-2F8A4D6B1E70}.Debug|Any CPU.ActiveCfg = Debug|Any CPU
		{B7E3C91A-6D2F-4A11-9C0E-2F8A4D6B1E70}.Debug|Any CPU.Build.0 = Debug|Any CPU
		{B7E3C91A-6D2F-4A11-9C0E-2F8A4D6B1E70}.Release|Any CPU.ActiveCfg = Release|Any CPU
		{B7E3C91A-6D2F-4A11-9C0E-2F8A4D6B1E70}.Release|Any CPU.Build.0 = Release|Any CPU
	EndGlobalSection
EndGlobal
